
Microsoft Visual Studio Solution File, Format Version 12.00
# Visual Studio Version 17
VisualStudioVersion = 17.0.32112.339
MinimumVisualStudioVersion = 10.0.40219.1
Project("{9A19103F-16F7-4668-BE54-9A1E7A4F7556}") = "Arineta.Aws.App", "Arineta.Aws.App\Arineta.Aws.App.csproj", "{E1B6ECC9-282C-4B87-B001-FC1F2224954D}"
EndProject
Project("{9A19103F-16F7-4668-BE54-9A1E7A4F7556}") = "Arineta.Aws.Service", "Arineta.Aws.Service\Arineta.Aws.Service.csproj", "{D047DF0F-4145-4EF5-A738-E10B2066D442}"
EndProject
Project("{9A19103F-16F7-4668-BE54-9A1E7A4F7556}") = "Arineta.Aws.Logic", "Arineta.Aws.Logic\Arineta.Aws.Logic.csproj", "{537BF3E4-0178-4726-A651-6577E8D54023}"
EndProject
Project("{9A19103F-16F7-4668-BE54-9A1E7A4F7556}") = "Arineta.Aws.DataAccess", "Arineta.Aws.DataAccess\Arineta.Aws.DataAccess.csproj", "{0C284CFB-01B7-4373-8A35-EEC57E505542}"
EndProject
Project("{9A19103F-16F7-4668-BE54-9A1E7A4F7556}") = "Arineta.Aws.Common", "Arineta.Aws.Common\Arineta.Aws.Common.csproj", "{A7897367-1E1B-4113-8668-83C8B25836FA}"
EndProject
Project("{9A19103F-16F7-4668-BE54-9A1E7A4F7556}") = "Arineta.Aws.Proxy.Service", "Arineta.Aws.Proxy\Arineta.Aws.Proxy.Service.csproj", "{1D693A8B-32A9-42B4-8016-6A4732117B59}"
EndProject
Project("{2150E333-8FDC-42A3-9474-1A3956D46DE8}") = "1-Server", "1-Server", "{B487F077-ACC3-4EA1-957F-DF602218286C}"
EndProject
Project("{2150E333-8FDC-42A3-9474-1A3956D46DE8}") = "2-Proxy", "2-Proxy", "{79DAB39D-AAEF-4D6D-8A2B-7AC6F9E0C65E}"
EndProject
Project("{2150E333-8FDC-42A3-9474-1A3956D46DE8}") = "Common", "Common", "{306A6EB0-2CDA-47C5-9387-2F6B14D2A234}"
EndProject
Project("{9A19103F-16F7-4668-BE54-9A1E7A4F7556}") = "Arineta.Aws.Dto", "Arineta.Aws.Dto\Arineta.Aws.Dto.csproj", "{C31887CF-FF5D-4951-9DD5-EF28D7C01C5C}"
EndProject
Project("{9A19103F-16F7-4668-BE54-9A1E7A4F7556}") = "Arineta.Aws.Proxy.App", "Arineta.Aws.Proxy.App\Arineta.Aws.Proxy.App.csproj", "{8511B3B2-1632-4700-BF70-89641579D56B}"
EndProject
Project("{2150E333-8FDC-42A3-9474-1A3956D46DE8}") = "3-SnsProxy", "3-SnsProxy", "{770CC789-DD16-454A-AF81-171FFBCB816D}"
EndProject
Project("{9A19103F-16F7-4668-BE54-9A1E7A4F7556}") = "Arineta.Aws.SnsProxy.Service", "Arineta.Aws.SnsProxy.Service\Arineta.Aws.SnsProxy.Service.csproj", "{2E77089E-A085-45CE-8935-205BCEB61ECA}"
EndProject
Project("{9A19103F-16F7-4668-BE54-9A1E7A4F7556}") = "Arineta.Aws.SnsProxy.App", "Arineta.Aws.SnsProxy.App\Arineta.Aws.SnsProxy.App.csproj", "{37375567-B6E0-4DA1-91C3-85F6C9C55C50}"
EndProject
Project("{2150E333-8FDC-42A3-9474-1A3956D46DE8}") = "4-Lambda", "4-Lambda", "{796EB541-6E56-4F32-B012-FFF3B02044ED}"
EndProject
Project("{9A19103F-16F7-4668-BE54-9A1E7A4F7556}") = "Arineta.Aws.Lambda.App", "Arineta.Aws.Lambda.App\Arineta.Aws.Lambda.App.csproj", "{56017513-B664-4300-A687-C774630FCBBF}"
EndProject
Project("{9A19103F-16F7-4668-BE54-9A1E7A4F7556}") = "Arineta.Aws.Lambda.Tests", "Arineta.Aws.Lambda.Tests.Tests\Arineta.Aws.Lambda.Tests.csproj", "{E99B6FA9-2E69-465B-B464-99A7DC507FF8}"
EndProject
Project("{E53339B2-1760-4266-BCC7-CA923CBCF16C}") = "docker-compose", "docker-compose.dcproj", "{0EC90758-0E72-49DC-8FD7-2F82F7CDC2CF}"
EndProject
Global
	GlobalSection(SolutionConfigurationPlatforms) = preSolution
		Debug|Any CPU = Debug|Any CPU
		Release|Any CPU = Release|Any CPU
	EndGlobalSection
	GlobalSection(ProjectConfigurationPlatforms) = postSolution
		{E1B6ECC9-282C-4B87-B001-FC1F2224954D}.Debug|Any CPU.ActiveCfg = Debug|Any CPU
		{E1B6ECC9-282C-4B87-B001-FC1F2224954D}.Debug|Any CPU.Build.0 = Debug|Any CPU
		{E1B6ECC9-282C-4B87-B001-FC1F2224954D}.Release|Any CPU.ActiveCfg = Release|Any CPU
		{E1B6ECC9-282C-4B87-B001-FC1F2224954D}.Release|Any CPU.Build.0 = Release|Any CPU
		{D047DF0F-4145-4EF5-A738-E10B2066D442}.Debug|Any CPU.ActiveCfg = Debug|Any CPU
		{D047DF0F-4145-4EF5-A738-E10B2066D442}.Debug|Any CPU.Build.0 = Debug|Any CPU
		{D047DF0F-4145-4EF5-A738-E10B2066D442}.Release|Any CPU.ActiveCfg = Release|Any CPU
		{D047DF0F-4145-4EF5-A738-E10B2066D442}.Release|Any CPU.Build.0 = Release|Any CPU
		{537BF3E4-0178-4726-A651-6577E8D54023}.Debug|Any CPU.ActiveCfg = Debug|Any CPU
		{537BF3E4-0178-4726-A651-6577E8D54023}.Debug|Any CPU.Build.0 = Debug|Any CPU
		{537BF3E4-0178-4726-A651-6577E8D54023}.Release|Any CPU.ActiveCfg = Release|Any CPU
		{537BF3E4-0178-4726-A651-6577E8D54023}.Release|Any CPU.Build.0 = Release|Any CPU
		{0C284CFB-01B7-4373-8A35-EEC57E505542}.Debug|Any CPU.ActiveCfg = Debug|Any CPU
		{0C284CFB-01B7-4373-8A35-EEC57E505542}.Debug|Any CPU.Build.0 = Debug|Any CPU
		{0C284CFB-01B7-4373-8A35-EEC57E505542}.Release|Any CPU.ActiveCfg = Release|Any CPU
		{0C284CFB-01B7-4373-8A35-EEC57E505542}.Release|Any CPU.Build.0 = Release|Any CPU
		{A7897367-1E1B-4113-8668-83C8B25836FA}.Debug|Any CPU.ActiveCfg = Debug|Any CPU
		{A7897367-1E1B-4113-8668-83C8B25836FA}.Debug|Any CPU.Build.0 = Debug|Any CPU
		{A7897367-1E1B-4113-8668-83C8B25836FA}.Release|Any CPU.ActiveCfg = Release|Any CPU
		{A7897367-1E1B-4113-8668-83C8B25836FA}.Release|Any CPU.Build.0 = Release|Any CPU
		{1D693A8B-32A9-42B4-8016-6A4732117B59}.Debug|Any CPU.ActiveCfg = Debug|Any CPU
		{1D693A8B-32A9-42B4-8016-6A4732117B59}.Debug|Any CPU.Build.0 = Debug|Any CPU
		{1D693A8B-32A9-42B4-8016-6A4732117B59}.Release|Any CPU.ActiveCfg = Release|Any CPU
		{1D693A8B-32A9-42B4-8016-6A4732117B59}.Release|Any CPU.Build.0 = Release|Any CPU
		{C31887CF-FF5D-4951-9DD5-EF28D7C01C5C}.Debug|Any CPU.ActiveCfg = Debug|Any CPU
		{C31887CF-FF5D-4951-9DD5-EF28D7C01C5C}.Debug|Any CPU.Build.0 = Debug|Any CPU
		{C31887CF-FF5D-4951-9DD5-EF28D7C01C5C}.Release|Any CPU.ActiveCfg = Release|Any CPU
		{C31887CF-FF5D-4951-9DD5-EF28D7C01C5C}.Release|Any CPU.Build.0 = Release|Any CPU
		{8511B3B2-1632-4700-BF70-89641579D56B}.Debug|Any CPU.ActiveCfg = Debug|Any CPU
		{8511B3B2-1632-4700-BF70-89641579D56B}.Debug|Any CPU.Build.0 = Debug|Any CPU
		{8511B3B2-1632-4700-BF70-89641579D56B}.Release|Any CPU.ActiveCfg = Release|Any CPU
		{8511B3B2-1632-4700-BF70-89641579D56B}.Release|Any CPU.Build.0 = Release|Any CPU
		{2E77089E-A085-45CE-8935-205BCEB61ECA}.Debug|Any CPU.ActiveCfg = Debug|Any CPU
		{2E77089E-A085-45CE-8935-205BCEB61ECA}.Debug|Any CPU.Build.0 = Debug|Any CPU
		{2E77089E-A085-45CE-8935-205BCEB61ECA}.Release|Any CPU.ActiveCfg = Release|Any CPU
		{2E77089E-A085-45CE-8935-205BCEB61ECA}.Release|Any CPU.Build.0 = Release|Any CPU
		{37375567-B6E0-4DA1-91C3-85F6C9C55C50}.Debug|Any CPU.ActiveCfg = Debug|Any CPU
		{37375567-B6E0-4DA1-91C3-85F6C9C55C50}.Debug|Any CPU.Build.0 = Debug|Any CPU
		{37375567-B6E0-4DA1-91C3-85F6C9C55C50}.Release|Any CPU.ActiveCfg = Release|Any CPU
		{37375567-B6E0-4DA1-91C3-85F6C9C55C50}.Release|Any CPU.Build.0 = Release|Any CPU
		{56017513-B664-4300-A687-C774630FCBBF}.Debug|Any CPU.ActiveCfg = Debug|Any CPU
		{56017513-B664-4300-A687-C774630FCBBF}.Debug|Any CPU.Build.0 = Debug|Any CPU
		{56017513-B664-4300-A687-C774630FCBBF}.Release|Any CPU.ActiveCfg = Release|Any CPU
		{56017513-B664-4300-A687-C774630FCBBF}.Release|Any CPU.Build.0 = Release|Any CPU
		{E99B6FA9-2E69-465B-B464-99A7DC507FF8}.Debug|Any CPU.ActiveCfg = Debug|Any CPU
		{E99B6FA9-2E69-465B-B464-99A7DC507FF8}.Debug|Any CPU.Build.0 = Debug|Any CPU
		{E99B6FA9-2E69-465B-B464-99A7DC507FF8}.Release|Any CPU.ActiveCfg = Release|Any CPU
		{E99B6FA9-2E69-465B-B464-99A7DC507FF8}.Release|Any CPU.Build.0 = Release|Any CPU
		{0EC90758-0E72-49DC-8FD7-2F82F7CDC2CF}.Debug|Any CPU.ActiveCfg = Debug|Any CPU
		{0EC90758-0E72-49DC-8FD7-2F82F7CDC2CF}.Debug|Any CPU.Build.0 = Debug|Any CPU
		{0EC90758-0E72-49DC-8FD7-2F82F7CDC2CF}.Release|Any CPU.ActiveCfg = Release|Any CPU
		{0EC90758-0E72-49DC-8FD7-2F82F7CDC2CF}.Release|Any CPU.Build.0 = Release|Any CPU
	EndGlobalSection
	GlobalSection(SolutionProperties) = preSolution
		HideSolutionNode = FALSE
	EndGlobalSection
	GlobalSection(NestedProjects) = preSolution
		{E1B6ECC9-282C-4B87-B001-FC1F2224954D} = {B487F077-ACC3-4EA1-957F-DF602218286C}
		{D047DF0F-4145-4EF5-A738-E10B2066D442} = {B487F077-ACC3-4EA1-957F-DF602218286C}
		{537BF3E4-0178-4726-A651-6577E8D54023} = {B487F077-ACC3-4EA1-957F-DF602218286C}
		{0C284CFB-01B7-4373-8A35-EEC57E505542} = {B487F077-ACC3-4EA1-957F-DF602218286C}
		{A7897367-1E1B-4113-8668-83C8B25836FA} = {B487F077-ACC3-4EA1-957F-DF602218286C}
		{1D693A8B-32A9-42B4-8016-6A4732117B59} = {79DAB39D-AAEF-4D6D-8A2B-7AC6F9E0C65E}
		{C31887CF-FF5D-4951-9DD5-EF28D7C01C5C} = {306A6EB0-2CDA-47C5-9387-2F6B14D2A234}
		{8511B3B2-1632-4700-BF70-89641579D56B} = {79DAB39D-AAEF-4D6D-8A2B-7AC6F9E0C65E}
		{2E77089E-A085-45CE-8935-205BCEB61ECA} = {770CC789-DD16-454A-AF81-171FFBCB816D}
		{37375567-B6E0-4DA1-91C3-85F6C9C55C50} = {770CC789-DD16-454A-AF81-171FFBCB816D}
		{56017513-B664-4300-A687-C774630FCBBF} = {796EB541-6E56-4F32-B012-FFF3B02044ED}
		{E99B6FA9-2E69-465B-B464-99A7DC507FF8} = {796EB541-6E56-4F32-B012-FFF3B02044ED}
	EndGlobalSection
	GlobalSection(ExtensibilityGlobals) = postSolution
		SolutionGuid = {775D9BAC-2515-4799-BC1B-FA9113F9A830}
	EndGlobalSection
EndGlobal
